
Microsoft Visual Studio Solution File, Format Version 12.00
# Visual Studio 15
VisualStudioVersion = 15.0.26730.12
MinimumVisualStudioVersion = 10.0.40219.1
Project("{9A19103F-16F7-4668-BE54-9A1E7A4F7556}") = "BussinesAccessLayer", "ShopAccessLayer\BussinesAccessLayer.csproj", "{8BF4CF06-872A-4048-BBFE-D1B233B3D8A7}"
EndProject
Project("{9A19103F-16F7-4668-BE54-9A1E7A4F7556}") = "DataAccessLayer", "DataAccessLayer\DataAccessLayer.csproj", "{14754674-86ED-4593-9B2A-E03CAF3BBFEC}"
EndProject
Project("{FAE04EC0-301F-11D3-BF4B-00C04F79EFBC}") = "ShopRestAPI", "ShopRestAPI\ShopRestAPI.csproj", "{F54FA19A-98AA-415E-8E6A-88F96188E521}"
EndProject
Global
	GlobalSection(SolutionConfigurationPlatforms) = preSolution
		Debug|Any CPU = Debug|Any CPU
		Release|Any CPU = Release|Any CPU
	EndGlobalSection
	GlobalSection(ProjectConfigurationPlatforms) = postSolution
		{8BF4CF06-872A-4048-BBFE-D1B233B3D8A7}.Debug|Any CPU.ActiveCfg = Debug|Any CPU
		{8BF4CF06-872A-4048-BBFE-D1B233B3D8A7}.Debug|Any CPU.Build.0 = Debug|Any CPU
		{8BF4CF06-872A-4048-BBFE-D1B233B3D8A7}.Release|Any CPU.ActiveCfg = Release|Any CPU
		{8BF4CF06-872A-4048-BBFE-D1B233B3D8A7}.Release|Any CPU.Build.0 = Release|Any CPU
		{14754674-86ED-4593-9B2A-E03CAF3BBFEC}.Debug|Any CPU.ActiveCfg = Debug|Any CPU
		{14754674-86ED-4593-9B2A-E03CAF3BBFEC}.Debug|Any CPU.Build.0 = Debug|Any CPU
		{14754674-86ED-4593-9B2A-E03CAF3BBFEC}.Release|Any CPU.ActiveCfg = Release|Any CPU
		{14754674-86ED-4593-9B2A-E03CAF3BBFEC}.Release|Any CPU.Build.0 = Release|Any CPU
		{F54FA19A-98AA-415E-8E6A-88F96188E521}.Debug|Any CPU.ActiveCfg = Debug|Any CPU
		{F54FA19A-98AA-415E-8E6A-88F96188E521}.Debug|Any CPU.Build.0 = Debug|Any CPU
		{F54FA19A-98AA-415E-8E6A-88F96188E521}.Release|Any CPU.ActiveCfg = Release|Any CPU
		{F54FA19A-98AA-415E-8E6A-88F96188E521}.Release|Any CPU.Build.0 = Release|Any CPU
	EndGlobalSection
	GlobalSection(SolutionProperties) = preSolution
		HideSolutionNode = FALSE
	EndGlobalSection
	GlobalSection(ExtensibilityGlobals) = postSolution
		SolutionGuid = {1485254B-769F-457E-933C-19391358A3FE}
	EndGlobalSection
EndGlobal
